
Microsoft Visual Studio Solution File, Format Version 12.00
# Visual Studio Version 17
VisualStudioVersion = 17.1.31911.260
MinimumVisualStudioVersion = 10.0.40219.1
Project("{2150E333-8FDC-42A3-9474-1A3956D46DE8}") = "tests", "tests", "{551C93F8-6E89-4954-8905-7F5AC7173285}"
	ProjectSection(SolutionItems) = preProject
		tests\Directory.Build.props = tests\Directory.Build.props
	EndProjectSection
EndProject
Project("{2150E333-8FDC-42A3-9474-1A3956D46DE8}") = "src", "src", "{3249ADDB-50EC-4C21-A8F0-65EF444662EE}"
	ProjectSection(SolutionItems) = preProject
		src\Directory.Build.props = src\Directory.Build.props
	EndProjectSection
EndProject
Project("{2150E333-8FDC-42A3-9474-1A3956D46DE8}") = "Solution Items", "Solution Items", "{F8C02271-0086-4D86-A84C-B7A562202FCF}"
	ProjectSection(SolutionItems) = preProject
		.editorconfig = .editorconfig
		.gitignore = .gitignore
		.github\workflows\build.yml = .github\workflows\build.yml
		.github\workflows\codeql-analysis.yml = .github\workflows\codeql-analysis.yml
		Directory.Build.props = Directory.Build.props
		Directory.Build.targets = Directory.Build.targets
		global.json = global.json
		NuGet.Config = NuGet.Config
		Packages.props = Packages.props
		README.md = README.md
		ship.snk = ship.snk
	EndProjectSection
EndProject
Project("{9A19103F-16F7-4668-BE54-9A1E7A4F7556}") = "Microsoft.Omex.Extensions.Logging", "src\Logging\Microsoft.Omex.Extensions.Logging.csproj", "{3DA18B36-BFA5-4A51-A4E1-5C8F2EF825D8}"
EndProject
Project("{9A19103F-16F7-4668-BE54-9A1E7A4F7556}") = "Microsoft.Omex.Extensions.Abstractions", "src\Abstractions\Microsoft.Omex.Extensions.Abstractions.csproj", "{82242741-FC4D-493C-97F9-75413BC4CFAA}"
EndProject
Project("{9A19103F-16F7-4668-BE54-9A1E7A4F7556}") = "Microsoft.Omex.Extensions.Hosting.Services.Web", "src\Hosting.Services.Web\Microsoft.Omex.Extensions.Hosting.Services.Web.csproj", "{BA452FDC-1C9B-45EE-BC75-8493FF618437}"
EndProject
Project("{9A19103F-16F7-4668-BE54-9A1E7A4F7556}") = "Microsoft.Omex.Extensions.Hosting", "src\Hosting\Microsoft.Omex.Extensions.Hosting.csproj", "{66A0783A-0D5A-4EA5-A91C-DCAA8EB6D819}"
EndProject
Project("{9A19103F-16F7-4668-BE54-9A1E7A4F7556}") = "Microsoft.Omex.Extensions.Hosting.Services", "src\Hosting.Services\Microsoft.Omex.Extensions.Hosting.Services.csproj", "{6AB76625-BB07-4181-B8DC-AB8259E5E9B6}"
EndProject
Project("{9A19103F-16F7-4668-BE54-9A1E7A4F7556}") = "Microsoft.Omex.Extensions.Abstractions.UnitTests", "tests\Abstractions.UnitTests\Microsoft.Omex.Extensions.Abstractions.UnitTests.csproj", "{26D00BFD-64DE-4998-9D35-8BF0E9116A6A}"
EndProject
Project("{9A19103F-16F7-4668-BE54-9A1E7A4F7556}") = "Microsoft.Omex.Extensions.Logging.UnitTests", "tests\Logging.UnitTests\Microsoft.Omex.Extensions.Logging.UnitTests.csproj", "{CF41D8D4-813D-4B83-873E-77AC8A459A8C}"
EndProject
Project("{9A19103F-16F7-4668-BE54-9A1E7A4F7556}") = "Microsoft.Omex.Extensions.Hosting.UnitTests", "tests\Hosting.UnitTests\Microsoft.Omex.Extensions.Hosting.UnitTests.csproj", "{D832BED8-0845-4EC5-AA22-D79E20CAA772}"
EndProject
Project("{9A19103F-16F7-4668-BE54-9A1E7A4F7556}") = "Microsoft.Omex.Extensions.Hosting.Services.UnitTests", "tests\Hosting.Services.UnitTests\Microsoft.Omex.Extensions.Hosting.Services.UnitTests.csproj", "{92DC3A06-6BDE-4213-9D29-7C1C10A9D325}"
EndProject
Project("{9A19103F-16F7-4668-BE54-9A1E7A4F7556}") = "Microsoft.Omex.Extensions.Hosting.Services.Web.UnitTests", "tests\Hosting.Services.Web.UnitTests\Microsoft.Omex.Extensions.Hosting.Services.Web.UnitTests.csproj", "{2D51316B-9B0D-4B54-B5E5-FB0CEDD8E791}"
EndProject
Project("{9A19103F-16F7-4668-BE54-9A1E7A4F7556}") = "Microsoft.Omex.Extensions.Hosting.Services.Remoting", "src\Hosting.Services.Remoting\Microsoft.Omex.Extensions.Hosting.Services.Remoting.csproj", "{4F6590D4-925E-4865-A19E-6AC4FEDF2A9F}"
EndProject
Project("{9A19103F-16F7-4668-BE54-9A1E7A4F7556}") = "Microsoft.Omex.Extensions.Hosting.Services.Remoting.UnitTests", "tests\Hosting.Services.Remoting.UnitTests\Microsoft.Omex.Extensions.Hosting.Services.Remoting.UnitTests.csproj", "{9DE57D70-EBFE-4AB2-A0B5-63638CAE83EF}"
EndProject
Project("{9A19103F-16F7-4668-BE54-9A1E7A4F7556}") = "Microsoft.Omex.Extensions.Services.Remoting", "src\Services.Remoting\Microsoft.Omex.Extensions.Services.Remoting.csproj", "{089B5170-815C-420D-B6BE-B5B3559B5AA9}"
EndProject
Project("{9A19103F-16F7-4668-BE54-9A1E7A4F7556}") = "Microsoft.Omex.Extensions.Services.Remoting.UnitTests", "tests\Services.Remoting.UnitTests\Microsoft.Omex.Extensions.Services.Remoting.UnitTests.csproj", "{BF122397-116D-4C0C-9261-37CF6476125E}"
EndProject
Project("{9A19103F-16F7-4668-BE54-9A1E7A4F7556}") = "Microsoft.Omex.Extensions.Diagnostics.HealthChecks", "src\Diagnostics.HealthChecks\Microsoft.Omex.Extensions.Diagnostics.HealthChecks.csproj", "{4579B0AE-4949-4580-B245-2C9979D153FF}"
EndProject
Project("{9A19103F-16F7-4668-BE54-9A1E7A4F7556}") = "Microsoft.Omex.Extensions.Diagnostics.HealthChecks.UnitTests", "tests\Diagnostics.HealthChecks.UnitTests\Microsoft.Omex.Extensions.Diagnostics.HealthChecks.UnitTests.csproj", "{CDAA3EBA-02AE-41C6-B915-643A69A1BE57}"
EndProject
Project("{9A19103F-16F7-4668-BE54-9A1E7A4F7556}") = "Microsoft.Omex.Extensions.Testing.Helpers", "src\Testing.Helpers\Microsoft.Omex.Extensions.Testing.Helpers.csproj", "{EFAD23AA-943B-4056-9DEE-AC14B61A49C7}"
EndProject
Project("{9A19103F-16F7-4668-BE54-9A1E7A4F7556}") = "Microsoft.Omex.Extensions.Testing.Helpers.UnitTests", "tests\Testing.Helpers.UnitTests\Microsoft.Omex.Extensions.Testing.Helpers.UnitTests.csproj", "{501FF230-7D2C-44DB-A4CC-7EC30E892EBD}"
EndProject
Project("{9A19103F-16F7-4668-BE54-9A1E7A4F7556}") = "Microsoft.Omex.Extensions.Activities", "src\Activities\Microsoft.Omex.Extensions.Activities.csproj", "{8520AA74-FDA7-4EC0-B60D-C9A786574443}"
EndProject
Project("{9A19103F-16F7-4668-BE54-9A1E7A4F7556}") = "Microsoft.Omex.Extensions.Activities.UnitTests", "tests\Activities.UnitTests\Microsoft.Omex.Extensions.Activities.UnitTests.csproj", "{E9123DDF-3D31-48A5-8442-F1DAD516E1A6}"
EndProject
Project("{9A19103F-16F7-4668-BE54-9A1E7A4F7556}") = "Microsoft.Omex.Extensions.ServiceFabricGuest.Abstractions", "src\ServiceFabricGuest.Abstractions\Microsoft.Omex.Extensions.ServiceFabricGuest.Abstractions.csproj", "{A07BF64C-1B19-4972-83DB-B22BFF26E6B0}"
EndProject
Global
	GlobalSection(SolutionConfigurationPlatforms) = preSolution
		Debug|Any CPU = Debug|Any CPU
		Debug|x64 = Debug|x64
		Release|Any CPU = Release|Any CPU
		Release|x64 = Release|x64
	EndGlobalSection
	GlobalSection(ProjectConfigurationPlatforms) = postSolution
		{3DA18B36-BFA5-4A51-A4E1-5C8F2EF825D8}.Debug|Any CPU.ActiveCfg = Debug|Any CPU
		{3DA18B36-BFA5-4A51-A4E1-5C8F2EF825D8}.Debug|Any CPU.Build.0 = Debug|Any CPU
		{3DA18B36-BFA5-4A51-A4E1-5C8F2EF825D8}.Debug|x64.ActiveCfg = Debug|Any CPU
		{3DA18B36-BFA5-4A51-A4E1-5C8F2EF825D8}.Debug|x64.Build.0 = Debug|Any CPU
		{3DA18B36-BFA5-4A51-A4E1-5C8F2EF825D8}.Release|Any CPU.ActiveCfg = Release|Any CPU
		{3DA18B36-BFA5-4A51-A4E1-5C8F2EF825D8}.Release|Any CPU.Build.0 = Release|Any CPU
		{3DA18B36-BFA5-4A51-A4E1-5C8F2EF825D8}.Release|x64.ActiveCfg = Release|Any CPU
		{3DA18B36-BFA5-4A51-A4E1-5C8F2EF825D8}.Release|x64.Build.0 = Release|Any CPU
		{82242741-FC4D-493C-97F9-75413BC4CFAA}.Debug|Any CPU.ActiveCfg = Debug|Any CPU
		{82242741-FC4D-493C-97F9-75413BC4CFAA}.Debug|Any CPU.Build.0 = Debug|Any CPU
		{82242741-FC4D-493C-97F9-75413BC4CFAA}.Debug|x64.ActiveCfg = Debug|Any CPU
		{82242741-FC4D-493C-97F9-75413BC4CFAA}.Debug|x64.Build.0 = Debug|Any CPU
		{82242741-FC4D-493C-97F9-75413BC4CFAA}.Release|Any CPU.ActiveCfg = Release|Any CPU
		{82242741-FC4D-493C-97F9-75413BC4CFAA}.Release|Any CPU.Build.0 = Release|Any CPU
		{82242741-FC4D-493C-97F9-75413BC4CFAA}.Release|x64.ActiveCfg = Release|Any CPU
		{82242741-FC4D-493C-97F9-75413BC4CFAA}.Release|x64.Build.0 = Release|Any CPU
		{BA452FDC-1C9B-45EE-BC75-8493FF618437}.Debug|Any CPU.ActiveCfg = Debug|Any CPU
		{BA452FDC-1C9B-45EE-BC75-8493FF618437}.Debug|Any CPU.Build.0 = Debug|Any CPU
		{BA452FDC-1C9B-45EE-BC75-8493FF618437}.Debug|x64.ActiveCfg = Debug|Any CPU
		{BA452FDC-1C9B-45EE-BC75-8493FF618437}.Debug|x64.Build.0 = Debug|Any CPU
		{BA452FDC-1C9B-45EE-BC75-8493FF618437}.Release|Any CPU.ActiveCfg = Release|Any CPU
		{BA452FDC-1C9B-45EE-BC75-8493FF618437}.Release|Any CPU.Build.0 = Release|Any CPU
		{BA452FDC-1C9B-45EE-BC75-8493FF618437}.Release|x64.ActiveCfg = Release|Any CPU
		{BA452FDC-1C9B-45EE-BC75-8493FF618437}.Release|x64.Build.0 = Release|Any CPU
		{66A0783A-0D5A-4EA5-A91C-DCAA8EB6D819}.Debug|Any CPU.ActiveCfg = Debug|Any CPU
		{66A0783A-0D5A-4EA5-A91C-DCAA8EB6D819}.Debug|Any CPU.Build.0 = Debug|Any CPU
		{66A0783A-0D5A-4EA5-A91C-DCAA8EB6D819}.Debug|x64.ActiveCfg = Debug|Any CPU
		{66A0783A-0D5A-4EA5-A91C-DCAA8EB6D819}.Debug|x64.Build.0 = Debug|Any CPU
		{66A0783A-0D5A-4EA5-A91C-DCAA8EB6D819}.Release|Any CPU.ActiveCfg = Release|Any CPU
		{66A0783A-0D5A-4EA5-A91C-DCAA8EB6D819}.Release|Any CPU.Build.0 = Release|Any CPU
		{66A0783A-0D5A-4EA5-A91C-DCAA8EB6D819}.Release|x64.ActiveCfg = Release|Any CPU
		{66A0783A-0D5A-4EA5-A91C-DCAA8EB6D819}.Release|x64.Build.0 = Release|Any CPU
		{6AB76625-BB07-4181-B8DC-AB8259E5E9B6}.Debug|Any CPU.ActiveCfg = Debug|Any CPU
		{6AB76625-BB07-4181-B8DC-AB8259E5E9B6}.Debug|Any CPU.Build.0 = Debug|Any CPU
		{6AB76625-BB07-4181-B8DC-AB8259E5E9B6}.Debug|x64.ActiveCfg = Debug|Any CPU
		{6AB76625-BB07-4181-B8DC-AB8259E5E9B6}.Debug|x64.Build.0 = Debug|Any CPU
		{6AB76625-BB07-4181-B8DC-AB8259E5E9B6}.Release|Any CPU.ActiveCfg = Release|Any CPU
		{6AB76625-BB07-4181-B8DC-AB8259E5E9B6}.Release|Any CPU.Build.0 = Release|Any CPU
		{6AB76625-BB07-4181-B8DC-AB8259E5E9B6}.Release|x64.ActiveCfg = Release|Any CPU
		{6AB76625-BB07-4181-B8DC-AB8259E5E9B6}.Release|x64.Build.0 = Release|Any CPU
		{26D00BFD-64DE-4998-9D35-8BF0E9116A6A}.Debug|Any CPU.ActiveCfg = Debug|Any CPU
		{26D00BFD-64DE-4998-9D35-8BF0E9116A6A}.Debug|Any CPU.Build.0 = Debug|Any CPU
		{26D00BFD-64DE-4998-9D35-8BF0E9116A6A}.Debug|x64.ActiveCfg = Debug|Any CPU
		{26D00BFD-64DE-4998-9D35-8BF0E9116A6A}.Debug|x64.Build.0 = Debug|Any CPU
		{26D00BFD-64DE-4998-9D35-8BF0E9116A6A}.Release|Any CPU.ActiveCfg = Release|Any CPU
		{26D00BFD-64DE-4998-9D35-8BF0E9116A6A}.Release|Any CPU.Build.0 = Release|Any CPU
		{26D00BFD-64DE-4998-9D35-8BF0E9116A6A}.Release|x64.ActiveCfg = Release|Any CPU
		{26D00BFD-64DE-4998-9D35-8BF0E9116A6A}.Release|x64.Build.0 = Release|Any CPU
		{CF41D8D4-813D-4B83-873E-77AC8A459A8C}.Debug|Any CPU.ActiveCfg = Debug|Any CPU
		{CF41D8D4-813D-4B83-873E-77AC8A459A8C}.Debug|Any CPU.Build.0 = Debug|Any CPU
		{CF41D8D4-813D-4B83-873E-77AC8A459A8C}.Debug|x64.ActiveCfg = Debug|Any CPU
		{CF41D8D4-813D-4B83-873E-77AC8A459A8C}.Debug|x64.Build.0 = Debug|Any CPU
		{CF41D8D4-813D-4B83-873E-77AC8A459A8C}.Release|Any CPU.ActiveCfg = Release|Any CPU
		{CF41D8D4-813D-4B83-873E-77AC8A459A8C}.Release|Any CPU.Build.0 = Release|Any CPU
		{CF41D8D4-813D-4B83-873E-77AC8A459A8C}.Release|x64.ActiveCfg = Release|Any CPU
		{CF41D8D4-813D-4B83-873E-77AC8A459A8C}.Release|x64.Build.0 = Release|Any CPU
		{D832BED8-0845-4EC5-AA22-D79E20CAA772}.Debug|Any CPU.ActiveCfg = Debug|Any CPU
		{D832BED8-0845-4EC5-AA22-D79E20CAA772}.Debug|Any CPU.Build.0 = Debug|Any CPU
		{D832BED8-0845-4EC5-AA22-D79E20CAA772}.Debug|x64.ActiveCfg = Debug|Any CPU
		{D832BED8-0845-4EC5-AA22-D79E20CAA772}.Debug|x64.Build.0 = Debug|Any CPU
		{D832BED8-0845-4EC5-AA22-D79E20CAA772}.Release|Any CPU.ActiveCfg = Release|Any CPU
		{D832BED8-0845-4EC5-AA22-D79E20CAA772}.Release|Any CPU.Build.0 = Release|Any CPU
		{D832BED8-0845-4EC5-AA22-D79E20CAA772}.Release|x64.ActiveCfg = Release|Any CPU
		{D832BED8-0845-4EC5-AA22-D79E20CAA772}.Release|x64.Build.0 = Release|Any CPU
		{92DC3A06-6BDE-4213-9D29-7C1C10A9D325}.Debug|Any CPU.ActiveCfg = Debug|Any CPU
		{92DC3A06-6BDE-4213-9D29-7C1C10A9D325}.Debug|Any CPU.Build.0 = Debug|Any CPU
		{92DC3A06-6BDE-4213-9D29-7C1C10A9D325}.Debug|x64.ActiveCfg = Debug|Any CPU
		{92DC3A06-6BDE-4213-9D29-7C1C10A9D325}.Debug|x64.Build.0 = Debug|Any CPU
		{92DC3A06-6BDE-4213-9D29-7C1C10A9D325}.Release|Any CPU.ActiveCfg = Release|Any CPU
		{92DC3A06-6BDE-4213-9D29-7C1C10A9D325}.Release|Any CPU.Build.0 = Release|Any CPU
		{92DC3A06-6BDE-4213-9D29-7C1C10A9D325}.Release|x64.ActiveCfg = Release|Any CPU
		{92DC3A06-6BDE-4213-9D29-7C1C10A9D325}.Release|x64.Build.0 = Release|Any CPU
		{2D51316B-9B0D-4B54-B5E5-FB0CEDD8E791}.Debug|Any CPU.ActiveCfg = Debug|Any CPU
		{2D51316B-9B0D-4B54-B5E5-FB0CEDD8E791}.Debug|Any CPU.Build.0 = Debug|Any CPU
		{2D51316B-9B0D-4B54-B5E5-FB0CEDD8E791}.Debug|x64.ActiveCfg = Debug|Any CPU
		{2D51316B-9B0D-4B54-B5E5-FB0CEDD8E791}.Debug|x64.Build.0 = Debug|Any CPU
		{2D51316B-9B0D-4B54-B5E5-FB0CEDD8E791}.Release|Any CPU.ActiveCfg = Release|Any CPU
		{2D51316B-9B0D-4B54-B5E5-FB0CEDD8E791}.Release|Any CPU.Build.0 = Release|Any CPU
		{2D51316B-9B0D-4B54-B5E5-FB0CEDD8E791}.Release|x64.ActiveCfg = Release|Any CPU
		{2D51316B-9B0D-4B54-B5E5-FB0CEDD8E791}.Release|x64.Build.0 = Release|Any CPU
		{4F6590D4-925E-4865-A19E-6AC4FEDF2A9F}.Debug|Any CPU.ActiveCfg = Debug|Any CPU
		{4F6590D4-925E-4865-A19E-6AC4FEDF2A9F}.Debug|Any CPU.Build.0 = Debug|Any CPU
		{4F6590D4-925E-4865-A19E-6AC4FEDF2A9F}.Debug|x64.ActiveCfg = Debug|Any CPU
		{4F6590D4-925E-4865-A19E-6AC4FEDF2A9F}.Debug|x64.Build.0 = Debug|Any CPU
		{4F6590D4-925E-4865-A19E-6AC4FEDF2A9F}.Release|Any CPU.ActiveCfg = Release|Any CPU
		{4F6590D4-925E-4865-A19E-6AC4FEDF2A9F}.Release|Any CPU.Build.0 = Release|Any CPU
		{4F6590D4-925E-4865-A19E-6AC4FEDF2A9F}.Release|x64.ActiveCfg = Release|Any CPU
		{4F6590D4-925E-4865-A19E-6AC4FEDF2A9F}.Release|x64.Build.0 = Release|Any CPU
		{9DE57D70-EBFE-4AB2-A0B5-63638CAE83EF}.Debug|Any CPU.ActiveCfg = Debug|Any CPU
		{9DE57D70-EBFE-4AB2-A0B5-63638CAE83EF}.Debug|Any CPU.Build.0 = Debug|Any CPU
		{9DE57D70-EBFE-4AB2-A0B5-63638CAE83EF}.Debug|x64.ActiveCfg = Debug|Any CPU
		{9DE57D70-EBFE-4AB2-A0B5-63638CAE83EF}.Debug|x64.Build.0 = Debug|Any CPU
		{9DE57D70-EBFE-4AB2-A0B5-63638CAE83EF}.Release|Any CPU.ActiveCfg = Release|Any CPU
		{9DE57D70-EBFE-4AB2-A0B5-63638CAE83EF}.Release|Any CPU.Build.0 = Release|Any CPU
		{9DE57D70-EBFE-4AB2-A0B5-63638CAE83EF}.Release|x64.ActiveCfg = Release|Any CPU
		{9DE57D70-EBFE-4AB2-A0B5-63638CAE83EF}.Release|x64.Build.0 = Release|Any CPU
		{089B5170-815C-420D-B6BE-B5B3559B5AA9}.Debug|Any CPU.ActiveCfg = Debug|Any CPU
		{089B5170-815C-420D-B6BE-B5B3559B5AA9}.Debug|Any CPU.Build.0 = Debug|Any CPU
		{089B5170-815C-420D-B6BE-B5B3559B5AA9}.Debug|x64.ActiveCfg = Debug|Any CPU
		{089B5170-815C-420D-B6BE-B5B3559B5AA9}.Debug|x64.Build.0 = Debug|Any CPU
		{089B5170-815C-420D-B6BE-B5B3559B5AA9}.Release|Any CPU.ActiveCfg = Release|Any CPU
		{089B5170-815C-420D-B6BE-B5B3559B5AA9}.Release|Any CPU.Build.0 = Release|Any CPU
		{089B5170-815C-420D-B6BE-B5B3559B5AA9}.Release|x64.ActiveCfg = Release|Any CPU
		{089B5170-815C-420D-B6BE-B5B3559B5AA9}.Release|x64.Build.0 = Release|Any CPU
		{BF122397-116D-4C0C-9261-37CF6476125E}.Debug|Any CPU.ActiveCfg = Debug|Any CPU
		{BF122397-116D-4C0C-9261-37CF6476125E}.Debug|Any CPU.Build.0 = Debug|Any CPU
		{BF122397-116D-4C0C-9261-37CF6476125E}.Debug|x64.ActiveCfg = Debug|Any CPU
		{BF122397-116D-4C0C-9261-37CF6476125E}.Debug|x64.Build.0 = Debug|Any CPU
		{BF122397-116D-4C0C-9261-37CF6476125E}.Release|Any CPU.ActiveCfg = Release|Any CPU
		{BF122397-116D-4C0C-9261-37CF6476125E}.Release|Any CPU.Build.0 = Release|Any CPU
		{BF122397-116D-4C0C-9261-37CF6476125E}.Release|x64.ActiveCfg = Release|Any CPU
		{BF122397-116D-4C0C-9261-37CF6476125E}.Release|x64.Build.0 = Release|Any CPU
		{4579B0AE-4949-4580-B245-2C9979D153FF}.Debug|Any CPU.ActiveCfg = Debug|Any CPU
		{4579B0AE-4949-4580-B245-2C9979D153FF}.Debug|Any CPU.Build.0 = Debug|Any CPU
		{4579B0AE-4949-4580-B245-2C9979D153FF}.Debug|x64.ActiveCfg = Debug|Any CPU
		{4579B0AE-4949-4580-B245-2C9979D153FF}.Debug|x64.Build.0 = Debug|Any CPU
		{4579B0AE-4949-4580-B245-2C9979D153FF}.Release|Any CPU.ActiveCfg = Release|Any CPU
		{4579B0AE-4949-4580-B245-2C9979D153FF}.Release|Any CPU.Build.0 = Release|Any CPU
		{4579B0AE-4949-4580-B245-2C9979D153FF}.Release|x64.ActiveCfg = Release|Any CPU
		{4579B0AE-4949-4580-B245-2C9979D153FF}.Release|x64.Build.0 = Release|Any CPU
		{CDAA3EBA-02AE-41C6-B915-643A69A1BE57}.Debug|Any CPU.ActiveCfg = Debug|Any CPU
		{CDAA3EBA-02AE-41C6-B915-643A69A1BE57}.Debug|Any CPU.Build.0 = Debug|Any CPU
		{CDAA3EBA-02AE-41C6-B915-643A69A1BE57}.Debug|x64.ActiveCfg = Debug|Any CPU
		{CDAA3EBA-02AE-41C6-B915-643A69A1BE57}.Debug|x64.Build.0 = Debug|Any CPU
		{CDAA3EBA-02AE-41C6-B915-643A69A1BE57}.Release|Any CPU.ActiveCfg = Release|Any CPU
		{CDAA3EBA-02AE-41C6-B915-643A69A1BE57}.Release|Any CPU.Build.0 = Release|Any CPU
		{CDAA3EBA-02AE-41C6-B915-643A69A1BE57}.Release|x64.ActiveCfg = Release|Any CPU
		{CDAA3EBA-02AE-41C6-B915-643A69A1BE57}.Release|x64.Build.0 = Release|Any CPU
		{EFAD23AA-943B-4056-9DEE-AC14B61A49C7}.Debug|Any CPU.ActiveCfg = Debug|Any CPU
		{EFAD23AA-943B-4056-9DEE-AC14B61A49C7}.Debug|Any CPU.Build.0 = Debug|Any CPU
		{EFAD23AA-943B-4056-9DEE-AC14B61A49C7}.Debug|x64.ActiveCfg = Debug|Any CPU
		{EFAD23AA-943B-4056-9DEE-AC14B61A49C7}.Debug|x64.Build.0 = Debug|Any CPU
		{EFAD23AA-943B-4056-9DEE-AC14B61A49C7}.Release|Any CPU.ActiveCfg = Release|Any CPU
		{EFAD23AA-943B-4056-9DEE-AC14B61A49C7}.Release|Any CPU.Build.0 = Release|Any CPU
		{EFAD23AA-943B-4056-9DEE-AC14B61A49C7}.Release|x64.ActiveCfg = Release|Any CPU
		{EFAD23AA-943B-4056-9DEE-AC14B61A49C7}.Release|x64.Build.0 = Release|Any CPU
		{501FF230-7D2C-44DB-A4CC-7EC30E892EBD}.Debug|Any CPU.ActiveCfg = Debug|Any CPU
		{501FF230-7D2C-44DB-A4CC-7EC30E892EBD}.Debug|Any CPU.Build.0 = Debug|Any CPU
		{501FF230-7D2C-44DB-A4CC-7EC30E892EBD}.Debug|x64.ActiveCfg = Debug|Any CPU
		{501FF230-7D2C-44DB-A4CC-7EC30E892EBD}.Debug|x64.Build.0 = Debug|Any CPU
		{501FF230-7D2C-44DB-A4CC-7EC30E892EBD}.Release|Any CPU.ActiveCfg = Release|Any CPU
		{501FF230-7D2C-44DB-A4CC-7EC30E892EBD}.Release|Any CPU.Build.0 = Release|Any CPU
		{501FF230-7D2C-44DB-A4CC-7EC30E892EBD}.Release|x64.ActiveCfg = Release|Any CPU
		{501FF230-7D2C-44DB-A4CC-7EC30E892EBD}.Release|x64.Build.0 = Release|Any CPU
		{8520AA74-FDA7-4EC0-B60D-C9A786574443}.Debug|Any CPU.ActiveCfg = Debug|Any CPU
		{8520AA74-FDA7-4EC0-B60D-C9A786574443}.Debug|Any CPU.Build.0 = Debug|Any CPU
		{8520AA74-FDA7-4EC0-B60D-C9A786574443}.Debug|x64.ActiveCfg = Debug|Any CPU
		{8520AA74-FDA7-4EC0-B60D-C9A786574443}.Debug|x64.Build.0 = Debug|Any CPU
		{8520AA74-FDA7-4EC0-B60D-C9A786574443}.Release|Any CPU.ActiveCfg = Release|Any CPU
		{8520AA74-FDA7-4EC0-B60D-C9A786574443}.Release|Any CPU.Build.0 = Release|Any CPU
		{8520AA74-FDA7-4EC0-B60D-C9A786574443}.Release|x64.ActiveCfg = Release|Any CPU
		{8520AA74-FDA7-4EC0-B60D-C9A786574443}.Release|x64.Build.0 = Release|Any CPU
		{E9123DDF-3D31-48A5-8442-F1DAD516E1A6}.Debug|Any CPU.ActiveCfg = Debug|Any CPU
		{E9123DDF-3D31-48A5-8442-F1DAD516E1A6}.Debug|Any CPU.Build.0 = Debug|Any CPU
		{E9123DDF-3D31-48A5-8442-F1DAD516E1A6}.Debug|x64.ActiveCfg = Debug|Any CPU
		{E9123DDF-3D31-48A5-8442-F1DAD516E1A6}.Debug|x64.Build.0 = Debug|Any CPU
		{E9123DDF-3D31-48A5-8442-F1DAD516E1A6}.Release|Any CPU.ActiveCfg = Release|Any CPU
		{E9123DDF-3D31-48A5-8442-F1DAD516E1A6}.Release|Any CPU.Build.0 = Release|Any CPU
		{E9123DDF-3D31-48A5-8442-F1DAD516E1A6}.Release|x64.ActiveCfg = Release|Any CPU
		{E9123DDF-3D31-48A5-8442-F1DAD516E1A6}.Release|x64.Build.0 = Release|Any CPU
		{A07BF64C-1B19-4972-83DB-B22BFF26E6B0}.Debug|Any CPU.ActiveCfg = Debug|Any CPU
		{A07BF64C-1B19-4972-83DB-B22BFF26E6B0}.Debug|Any CPU.Build.0 = Debug|Any CPU
		{A07BF64C-1B19-4972-83DB-B22BFF26E6B0}.Debug|x64.ActiveCfg = Debug|Any CPU
		{A07BF64C-1B19-4972-83DB-B22BFF26E6B0}.Debug|x64.Build.0 = Debug|Any CPU
		{A07BF64C-1B19-4972-83DB-B22BFF26E6B0}.Release|Any CPU.ActiveCfg = Release|Any CPU
		{A07BF64C-1B19-4972-83DB-B22BFF26E6B0}.Release|Any CPU.Build.0 = Release|Any CPU
		{A07BF64C-1B19-4972-83DB-B22BFF26E6B0}.Release|x64.ActiveCfg = Release|Any CPU
		{A07BF64C-1B19-4972-83DB-B22BFF26E6B0}.Release|x64.Build.0 = Release|Any CPU
	EndGlobalSection
	GlobalSection(SolutionProperties) = preSolution
		HideSolutionNode = FALSE
	EndGlobalSection
	GlobalSection(NestedProjects) = preSolution
		{3DA18B36-BFA5-4A51-A4E1-5C8F2EF825D8} = {3249ADDB-50EC-4C21-A8F0-65EF444662EE}
		{82242741-FC4D-493C-97F9-75413BC4CFAA} = {3249ADDB-50EC-4C21-A8F0-65EF444662EE}
		{BA452FDC-1C9B-45EE-BC75-8493FF618437} = {3249ADDB-50EC-4C21-A8F0-65EF444662EE}
		{66A0783A-0D5A-4EA5-A91C-DCAA8EB6D819} = {3249ADDB-50EC-4C21-A8F0-65EF444662EE}
		{6AB76625-BB07-4181-B8DC-AB8259E5E9B6} = {3249ADDB-50EC-4C21-A8F0-65EF444662EE}
		{26D00BFD-64DE-4998-9D35-8BF0E9116A6A} = {551C93F8-6E89-4954-8905-7F5AC7173285}
		{CF41D8D4-813D-4B83-873E-77AC8A459A8C} = {551C93F8-6E89-4954-8905-7F5AC7173285}
		{D832BED8-0845-4EC5-AA22-D79E20CAA772} = {551C93F8-6E89-4954-8905-7F5AC7173285}
		{92DC3A06-6BDE-4213-9D29-7C1C10A9D325} = {551C93F8-6E89-4954-8905-7F5AC7173285}
		{2D51316B-9B0D-4B54-B5E5-FB0CEDD8E791} = {551C93F8-6E89-4954-8905-7F5AC7173285}
		{4F6590D4-925E-4865-A19E-6AC4FEDF2A9F} = {3249ADDB-50EC-4C21-A8F0-65EF444662EE}
		{9DE57D70-EBFE-4AB2-A0B5-63638CAE83EF} = {551C93F8-6E89-4954-8905-7F5AC7173285}
		{089B5170-815C-420D-B6BE-B5B3559B5AA9} = {3249ADDB-50EC-4C21-A8F0-65EF444662EE}
		{BF122397-116D-4C0C-9261-37CF6476125E} = {551C93F8-6E89-4954-8905-7F5AC7173285}
		{4579B0AE-4949-4580-B245-2C9979D153FF} = {3249ADDB-50EC-4C21-A8F0-65EF444662EE}
		{CDAA3EBA-02AE-41C6-B915-643A69A1BE57} = {551C93F8-6E89-4954-8905-7F5AC7173285}
		{EFAD23AA-943B-4056-9DEE-AC14B61A49C7} = {3249ADDB-50EC-4C21-A8F0-65EF444662EE}
		{501FF230-7D2C-44DB-A4CC-7EC30E892EBD} = {551C93F8-6E89-4954-8905-7F5AC7173285}
		{8520AA74-FDA7-4EC0-B60D-C9A786574443} = {3249ADDB-50EC-4C21-A8F0-65EF444662EE}
		{E9123DDF-3D31-48A5-8442-F1DAD516E1A6} = {551C93F8-6E89-4954-8905-7F5AC7173285}
		{A07BF64C-1B19-4972-83DB-B22BFF26E6B0} = {3249ADDB-50EC-4C21-A8F0-65EF444662EE}
	EndGlobalSection
	GlobalSection(ExtensibilityGlobals) = postSolution
		SolutionGuid = {E6FB7BCB-BF07-4F19-ACBA-457479D421BB}
	EndGlobalSection
EndGlobal
